
Microsoft Visual Studio Solution File, Format Version 12.00
Project("{FAE04EC0-301F-11D3-BF4B-00C04F79EFBC}") = "OutBoxPattern.Api", "OutBoxPattern.Api\OutBoxPattern.Api.csproj", "{819A70DC-7B11-43AD-BE4A-BB69C632FF27}"
EndProject
Global
	GlobalSection(SolutionConfigurationPlatforms) = preSolution
		Debug|Any CPU = Debug|Any CPU
		Release|Any CPU = Release|Any CPU
	EndGlobalSection
	GlobalSection(ProjectConfigurationPlatforms) = postSolution
		{819A70DC-7B11-43AD-BE4A-BB69C632FF27}.Debug|Any CPU.ActiveCfg = Debug|Any CPU
		{819A70DC-7B11-43AD-BE4A-BB69C632FF27}.Debug|Any CPU.Build.0 = Debug|Any CPU
		{819A70DC-7B11-43AD-BE4A-BB69C632FF27}.Release|Any CPU.ActiveCfg = Release|Any CPU
		{819A70DC-7B11-43AD-BE4A-BB69C632FF27}.Release|Any CPU.Build.0 = Release|Any CPU
	EndGlobalSection
EndGlobal
